// !$*UTF8*$!
{
	archiveVersion = 1;
	classes = {
	};
	objectVersion = 55;
	objects = {

/* Begin PBXBuildFile section */
		D36F9813294C1BE000FEC7FA /* AppDelegate.swift in Sources */ = {isa = PBXBuildFile; fileRef = D36F9812294C1BE000FEC7FA /* AppDelegate.swift */; };
		D36F9815294C1BE000FEC7FA /* SceneDelegate.swift in Sources */ = {isa = PBXBuildFile; fileRef = D36F9814294C1BE000FEC7FA /* SceneDelegate.swift */; };
		D36F9817294C1BE000FEC7FA /* ViewController.swift in Sources */ = {isa = PBXBuildFile; fileRef = D36F9816294C1BE000FEC7FA /* ViewController.swift */; };
		D36F981A294C1BE000FEC7FA /* Main.storyboard in Resources */ = {isa = PBXBuildFile; fileRef = D36F9818294C1BE000FEC7FA /* Main.storyboard */; };
		D36F981C294C1BE100FEC7FA /* Assets.xcassets in Resources */ = {isa = PBXBuildFile; fileRef = D36F981B294C1BE100FEC7FA /* Assets.xcassets */; };
		D36F981F294C1BE100FEC7FA /* LaunchScreen.storyboard in Resources */ = {isa = PBXBuildFile; fileRef = D36F981D294C1BE100FEC7FA /* LaunchScreen.storyboard */; };
		D36F9827294C21EA00FEC7FA /* RajisterIdViewController.swift in Sources */ = {isa = PBXBuildFile; fileRef = D36F9826294C21EA00FEC7FA /* RajisterIdViewController.swift */; };
		D36F9829294C26CC00FEC7FA /* forgatePassViewController.swift in Sources */ = {isa = PBXBuildFile; fileRef = D36F9828294C26CC00FEC7FA /* forgatePassViewController.swift */; };
/* End PBXBuildFile section */

/* Begin PBXFileReference section */
		D36F980F294C1BE000FEC7FA /* navigationCantrol.app */ = {isa = PBXFileReference; explicitFileType = wrapper.application; includeInIndex = 0; path = navigationCantrol.app; sourceTree = BUILT_PRODUCTS_DIR; };
		D36F9812294C1BE000FEC7FA /* AppDelegate.swift */ = {isa = PBXFileReference; lastKnownFileType = sourcecode.swift; path = AppDelegate.swift; sourceTree = "<group>"; };
		D36F9814294C1BE000FEC7FA /* SceneDelegate.swift */ = {isa = PBXFileReference; lastKnownFileType = sourcecode.swift; path = SceneDelegate.swift; sourceTree = "<group>"; };
		D36F9816294C1BE000FEC7FA /* ViewController.swift */ = {isa = PBXFileReference; lastKnownFileType = sourcecode.swift; path = ViewController.swift; sourceTree = "<group>"; };
		D36F9819294C1BE000FEC7FA /* Base */ = {isa = PBXFileReference; lastKnownFileType = file.storyboard; name = Base; path = Base.lproj/Main.storyboard; sourceTree = "<group>"; };
		D36F981B294C1BE100FEC7FA /* Assets.xcassets */ = {isa = PBXFileReference; lastKnownFileType = folder.assetcatalog; path = Assets.xcassets; sourceTree = "<group>"; };
		D36F981E294C1BE100FEC7FA /* Base */ = {isa = PBXFileReference; lastKnownFileType = file.storyboard; name = Base; path = Base.lproj/LaunchScreen.storyboard; sourceTree = "<group>"; };
		D36F9820294C1BE100FEC7FA /* Info.plist */ = {isa = PBXFileReference; lastKnownFileType = text.plist.xml; path = Info.plist; sourceTree = "<group>"; };
		D36F9826294C21EA00FEC7FA /* RajisterIdViewController.swift */ = {isa = PBXFileReference; lastKnownFileType = sourcecode.swift; path = RajisterIdViewController.swift; sourceTree = "<group>"; };
		D36F9828294C26CC00FEC7FA /* forgatePassViewController.swift */ = {isa = PBXFileReference; lastKnownFileType = sourcecode.swift; path = forgatePassViewController.swift; sourceTree = "<group>"; };
/* End PBXFileReference section */

/* Begin PBXFrameworksBuildPhase section */
		D36F980C294C1BE000FEC7FA /* Frameworks */ = {
			isa = PBXFrameworksBuildPhase;
			buildActionMask = 2147483647;
			files = (
			);
			runOnlyForDeploymentPostprocessing = 0;
		};
/* End PBXFrameworksBuildPhase section */

/* Begin PBXGroup section */
		D36F9806294C1BE000FEC7FA = {
			isa = PBXGroup;
			children = (
				D36F9811294C1BE000FEC7FA /* navigationCantrol */,
				D36F9810294C1BE000FEC7FA /* Products */,
			);
			sourceTree = "<group>";
		};
		D36F9810294C1BE000FEC7FA /* Products */ = {
			isa = PBXGroup;
			children = (
				D36F980F294C1BE000FEC7FA /* navigationCantrol.app */,
			);
			name = Products;
			sourceTree = "<group>";
		};
		D36F9811294C1BE000FEC7FA /* navigationCantrol */ = {
			isa = PBXGroup;
			children = (
				D36F9812294C1BE000FEC7FA /* AppDelegate.swift */,
				D36F9814294C1BE000FEC7FA /* SceneDelegate.swift */,
				D36F9816294C1BE000FEC7FA /* ViewController.swift */,
				D36F9826294C21EA00FEC7FA /* RajisterIdViewController.swift */,
				D36F9828294C26CC00FEC7FA /* forgatePassViewController.swift */,
				D36F9818294C1BE000FEC7FA /* Main.storyboard */,
				D36F981B294C1BE100FEC7FA /* Assets.xcassets */,
				D36F981D294C1BE100FEC7FA /* LaunchScreen.storyboard */,
				D36F9820294C1BE100FEC7FA /* Info.plist */,
			);
			path = navigationCantrol;
			sourceTree = "<group>";
		};
/* End PBXGroup section */

/* Begin PBXNativeTarget section */
		D36F980E294C1BE000FEC7FA /* navigationCantrol */ = {
			isa = PBXNativeTarget;
			buildConfigurationList = D36F9823294C1BE100FEC7FA /* Build configuration list for PBXNativeTarget "navigationCantrol" */;
			buildPhases = (
				D36F980B294C1BE000FEC7FA /* Sources */,
				D36F980C294C1BE000FEC7FA /* Frameworks */,
				D36F980D294C1BE000FEC7FA /* Resources */,
			);
			buildRules = (
			);
			dependencies = (
			);
			name = navigationCantrol;
			productName = navigationCantrol;
			productReference = D36F980F294C1BE000FEC7FA /* navigationCantrol.app */;
			productType = "com.apple.product-type.application";
		};
/* End PBXNativeTarget section */

/* Begin PBXProject section */
		D36F9807294C1BE000FEC7FA /* Project object */ = {
			isa = PBXProject;
			attributes = {
				BuildIndependentTargetsInParallel = 1;
				LastSwiftUpdateCheck = 1300;
				LastUpgradeCheck = 1300;
				TargetAttributes = {
					D36F980E294C1BE000FEC7FA = {
						CreatedOnToolsVersion = 13.0;
					};
				};
			};
			buildConfigurationList = D36F980A294C1BE000FEC7FA /* Build configuration list for PBXProject "navigationCantrol" */;
			compatibilityVersion = "Xcode 13.0";
			developmentRegion = en;
			hasScannedForEncodings = 0;
			knownRegions = (
				en,
				Base,
			);
			mainGroup = D36F9806294C1BE000FEC7FA;
			productRefGroup = D36F9810294C1BE000FEC7FA /* Products */;
			projectDirPath = "";
			projectRoot = "";
			targets = (
				D36F980E294C1BE000FEC7FA /* navigationCantrol */,
			);
		};
/* End PBXProject section */

/* Begin PBXResourcesBuildPhase section */
		D36F980D294C1BE000FEC7FA /* Resources */ = {
			isa = PBXResourcesBuildPhase;
			buildActionMask = 2147483647;
			files = (
				D36F981F294C1BE100FEC7FA /* LaunchScreen.storyboard in Resources */,
				D36F981C294C1BE100FEC7FA /* Assets.xcassets in Resources */,
				D36F981A294C1BE000FEC7FA /* Main.storyboard in Resources */,
			);
			runOnlyForDeploymentPostprocessing = 0;
		};
/* End PBXResourcesBuildPhase section */

/* Begin PBXSourcesBuildPhase section */
		D36F980B294C1BE000FEC7FA /* Sources */ = {
			isa = PBXSourcesBuildPhase;
			buildActionMask = 2147483647;
			files = (
				D36F9829294C26CC00FEC7FA /* forgatePassViewController.swift in Sources */,
				D36F9817294C1BE000FEC7FA /* ViewController.swift in Sources */,
				D36F9827294C21EA00FEC7FA /* RajisterIdViewController.swift in Sources */,
				D36F9813294C1BE000FEC7FA /* AppDelegate.swift in Sources */,
				D36F9815294C1BE000FEC7FA /* SceneDelegate.swift in Sources */,
			);
			runOnlyForDeploymentPostprocessing = 0;
		};
/* End PBXSourcesBuildPhase section */

/* Begin PBXVariantGroup section */
		D36F9818294C1BE000FEC7FA /* Main.storyboard */ = {
			isa = PBXVariantGroup;
			children = (
				D36F9819294C1BE000FEC7FA /* Base */,
			);
			name = Main.storyboard;
			sourceTree = "<group>";
		};
		D36F981D294C1BE100FEC7FA /* LaunchScreen.storyboard */ = {
			isa = PBXVariantGroup;
			children = (
				D36F981E294C1BE100FEC7FA /* Base */,
			);
			name = LaunchScreen.storyboard;
			sourceTree = "<group>";
		};
/* End PBXVariantGroup section */

/* Begin XCBuildConfiguration section */
		D36F9821294C1BE100FEC7FA /* Debug */ = {
			isa = XCBuildConfiguration;
			buildSettings = {
				ALWAYS_SEARCH_USER_PATHS = NO;
				CLANG_ANALYZER_NONNULL = YES;
				CLANG_ANALYZER_NUMBER_OBJECT_CONVERSION = YES_AGGRESSIVE;
				CLANG_CXX_LANGUAGE_STANDARD = "gnu++17";
				CLANG_CXX_LIBRARY = "libc++";
				CLANG_ENABLE_MODULES = YES;
				CLANG_ENABLE_OBJC_ARC = YES;
				CLANG_ENABLE_OBJC_WEAK = YES;
				CLANG_WARN_BLOCK_CAPTURE_AUTORELEASING = YES;
				CLANG_WARN_BOOL_CONVERSION = YES;
				CLANG_WARN_COMMA = YES;
				CLANG_WARN_CONSTANT_CONVERSION = YES;
				CLANG_WARN_DEPRECATED_OBJC_IMPLEMENTATIONS = YES;
				CLANG_WARN_DIRECT_OBJC_ISA_USAGE = YES_ERROR;
				CLANG_WARN_DOCUMENTATION_COMMENTS = YES;
				CLANG_WARN_EMPTY_BODY = YES;
				CLANG_WARN_ENUM_CONVERSION = YES;
				CLANG_WARN_INFINITE_RECURSION = YES;
				CLANG_WARN_INT_CONVERSION = YES;
				CLANG_WARN_NON_LITERAL_NULL_CONVERSION = YES;
				CLANG_WARN_OBJC_IMPLICIT_RETAIN_SELF = YES;
				CLANG_WARN_OBJC_LITERAL_CONVERSION = YES;
				CLANG_WARN_OBJC_ROOT_CLASS = YES_ERROR;
				CLANG_WARN_QUOTED_INCLUDE_IN_FRAMEWORK_HEADER = YES;
				CLANG_WARN_RANGE_LOOP_ANALYSIS = YES;
				CLANG_WARN_STRICT_PROTOTYPES = YES;
				CLANG_WARN_SUSPICIOUS_MOVE = YES;
				CLANG_WARN_UNGUARDED_AVAILABILITY = YES_AGGRESSIVE;
				CLANG_WARN_UNREACHABLE_CODE = YES;
				CLANG_WARN__DUPLICATE_METHOD_MATCH = YES;
				COPY_PHASE_STRIP = NO;
				DEBUG_INFORMATION_FORMAT = dwarf;
				ENABLE_STRICT_OBJC_MSGSEND = YES;
				ENABLE_TESTABILITY = YES;
				GCC_C_LANGUAGE_STANDARD = gnu11;
				GCC_DYNAMIC_NO_PIC = NO;
				GCC_NO_COMMON_BLOCKS = YES;
				GCC_OPTIMIZATION_LEVEL = 0;
				GCC_PREPROCESSOR_DEFINITIONS = (
					"DEBUG=1",
					"$(inherited)",
				);
				GCC_WARN_64_TO_32_BIT_CONVERSION = YES;
				GCC_WARN_ABOUT_RETURN_TYPE = YES_ERROR;
				GCC_WARN_UNDECLARED_SELECTOR = YES;
				GCC_WARN_UNINITIALIZED_AUTOS = YES_AGGRESSIVE;
				GCC_WARN_UNUSED_FUNCTION = YES;
				GCC_WARN_UNUSED_VARIABLE = YES;
				IPHONEOS_DEPLOYMENT_TARGET = 15.0;
				MTL_ENABLE_DEBUG_INFO = INCLUDE_SOURCE;
				MTL_FAST_MATH = YES;
				ONLY_ACTIVE_ARCH = YES;
				SDKROOT = iphoneos;
				SWIFT_ACTIVE_COMPILATION_CONDITIONS = DEBUG;
				SWIFT_OPTIMIZATION_LEVEL = "-Onone";
			};
			name = Debug;
		};
		D36F9822294C1BE100FEC7FA /* Release */ = {
			isa = XCBuildConfiguration;
			buildSettings = {
				ALWAYS_SEARCH_USER_PATHS = NO;
				CLANG_ANALYZER_NONNULL = YES;
				CLANG_ANALYZER_NUMBER_OBJECT_CONVERSION = YES_AGGRESSIVE;
				CLANG_CXX_LANGUAGE_STANDARD = "gnu++17";
				CLANG_CXX_LIBRARY = "libc++";
				CLANG_ENABLE_MODULES = YES;
				CLANG_ENABLE_OBJC_ARC = YES;
				CLANG_ENABLE_OBJC_WEAK = YES;
				CLANG_WARN_BLOCK_CAPTURE_AUTORELEASING = YES;
				CLANG_WARN_BOOL_CONVERSION = YES;
				CLANG_WARN_COMMA = YES;
				CLANG_WARN_CONSTANT_CONVERSION = YES;
				CLANG_WARN_DEPRECATED_OBJC_IMPLEMENTATIONS = YES;
				CLANG_WARN_DIRECT_OBJC_ISA_USAGE = YES_ERROR;
				CLANG_WARN_DOCUMENTATION_COMMENTS = YES;
				CLANG_WARN_EMPTY_BODY = YES;
				CLANG_WARN_ENUM_CONVERSION = YES;
				CLANG_WARN_INFINITE_RECURSION = YES;
				CLANG_WARN_INT_CONVERSION = YES;
				CLANG_WARN_NON_LITERAL_NULL_CONVERSION = YES;
				CLANG_WARN_OBJC_IMPLICIT_RETAIN_SELF = YES;
				CLANG_WARN_OBJC_LITERAL_CONVERSION = YES;
				CLANG_WARN_OBJC_ROOT_CLASS = YES_ERROR;
				CLANG_WARN_QUOTED_INCLUDE_IN_FRAMEWORK_HEADER = YES;
				CLANG_WARN_RANGE_LOOP_ANALYSIS = YES;
				CLANG_WARN_STRICT_PROTOTYPES = YES;
				CLANG_WARN_SUSPICIOUS_MOVE = YES;
				CLANG_WARN_UNGUARDED_AVAILABILITY = YES_AGGRESSIVE;
				CLANG_WARN_UNREACHABLE_CODE = YES;
				CLANG_WARN__DUPLICATE_METHOD_MATCH = YES;
				COPY_PHASE_STRIP = NO;
				DEBUG_INFORMATION_FORMAT = "dwarf-with-dsym";
				ENABLE_NS_ASSERTIONS = NO;
				ENABLE_STRICT_OBJC_MSGSEND = YES;
				GCC_C_LANGUAGE_STANDARD = gnu11;
				GCC_NO_COMMON_BLOCKS = YES;
				GCC_WARN_64_TO_32_BIT_CONVERSION = YES;
				GCC_WARN_ABOUT_RETURN_TYPE = YES_ERROR;
				GCC_WARN_UNDECLARED_SELECTOR = YES;
				GCC_WARN_UNINITIALIZED_AUTOS = YES_AGGRESSIVE;
				GCC_WARN_UNUSED_FUNCTION = YES;
				GCC_WARN_UNUSED_VARIABLE = YES;
				IPHONEOS_DEPLOYMENT_TARGET = 15.0;
				MTL_ENABLE_DEBUG_INFO = NO;
				MTL_FAST_MATH = YES;
				SDKROOT = iphoneos;
				SWIFT_COMPILATION_MODE = wholemodule;
				SWIFT_OPTIMIZATION_LEVEL = "-O";
				VALIDATE_PRODUCT = YES;
			};
			name = Release;
		};
		D36F9824294C1BE100FEC7FA /* Debug */ = {
			isa = XCBuildConfiguration;
			buildSettings = {
				ASSETCATALOG_COMPILER_APPICON_NAME = AppIcon;
				ASSETCATALOG_COMPILER_GLOBAL_ACCENT_COLOR_NAME = AccentColor;
				CODE_SIGN_STYLE = Automatic;
				CURRENT_PROJECT_VERSION = 1;
				GENERATE_INFOPLIST_FILE = YES;
				INFOPLIST_FILE = navigationCantrol/Info.plist;
				INFOPLIST_KEY_UIApplicationSupportsIndirectInputEvents = YES;
				INFOPLIST_KEY_UILaunchStoryboardName = LaunchScreen;
				INFOPLIST_KEY_UIMainStoryboardFile = Main;
				INFOPLIST_KEY_UISupportedInterfaceOrientations_iPad = "UIInterfaceOrientationPortrait UIInterfaceOrientationPortraitUpsideDown UIInterfaceOrientationLandscapeLeft UIInterfaceOrientationLandscapeRight";
				INFOPLIST_KEY_UISupportedInterfaceOrientations_iPhone = "UIInterfaceOrientationPortrait UIInterfaceOrientationLandscapeLeft UIInterfaceOrientationLandscapeRight";
				LD_RUNPATH_SEARCH_PATHS = (
					"$(inherited)",
					"@executable_path/Frameworks",
				);
				MARKETING_VERSION = 1.0;
				PRODUCT_BUNDLE_IDENTIFIER = com.Ayush.navigationCantrol;
				PRODUCT_NAME = "$(TARGET_NAME)";
				SWIFT_EMIT_LOC_STRINGS = YES;
				SWIFT_VERSION = 5.0;
				TARGETED_DEVICE_FAMILY = "1,2";
			};
			name = Debug;
		};
		D36F9825294C1BE100FEC7FA /* Release */ = {
			isa = XCBuildConfiguration;
			buildSettings = {
				ASSETCATALOG_COMPILER_APPICON_NAME = AppIcon;
				ASSETCATALOG_COMPILER_GLOBAL_ACCENT_COLOR_NAME = AccentColor;
				CODE_SIGN_STYLE = Automatic;
				CURRENT_PROJECT_VERSION = 1;
				GENERATE_INFOPLIST_FILE = YES;
				INFOPLIST_FILE = navigationCantrol/Info.plist;
				INFOPLIST_KEY_UIApplicationSupportsIndirectInputEvents = YES;
				INFOPLIST_KEY_UILaunchStoryboardName = LaunchScreen;
				INFOPLIST_KEY_UIMainStoryboardFile = Main;
				INFOPLIST_KEY_UISupportedInterfaceOrientations_iPad = "UIInterfaceOrientationPortrait UIInterfaceOrientationPortraitUpsideDown UIInterfaceOrientationLandscapeLeft UIInterfaceOrientationLandscapeRight";
				INFOPLIST_KEY_UISupportedInterfaceOrientations_iPhone = "UIInterfaceOrientationPortrait UIInterfaceOrientationLandscapeLeft UIInterfaceOrientationLandscapeRight";
				LD_RUNPATH_SEARCH_PATHS = (
					"$(inherited)",
					"@executable_path/Frameworks",
				);
				MARKETING_VERSION = 1.0;
				PRODUCT_BUNDLE_IDENTIFIER = com.Ayush.navigationCantrol;
				PRODUCT_NAME = "$(TARGET_NAME)";
				SWIFT_EMIT_LOC_STRINGS = YES;
				SWIFT_VERSION = 5.0;
				TARGETED_DEVICE_FAMILY = "1,2";
			};
			name = Release;
		};
/* End XCBuildConfiguration section */

/* Begin XCConfigurationList section */
		D36F980A294C1BE000FEC7FA /* Build configuration list for PBXProject "navigationCantrol" */ = {
			isa = XCConfigurationList;
			buildConfigurations = (
				D36F9821294C1BE100FEC7FA /* Debug */,
				D36F9822294C1BE100FEC7FA /* Release */,
			);
			defaultConfigurationIsVisible = 0;
			defaultConfigurationName = Release;
		};
		D36F9823294C1BE100FEC7FA /* Build configuration list for PBXNativeTarget "navigationCantrol" */ = {
			isa = XCConfigurationList;
			buildConfigurations = (
				D36F9824294C1BE100FEC7FA /* Debug */,
				D36F9825294C1BE100FEC7FA /* Release */,
			);
			defaultConfigurationIsVisible = 0;
			defaultConfigurationName = Release;
		};
/* End XCConfigurationList section */
	};
	rootObject = D36F9807294C1BE000FEC7FA /* Project object */;
}
